
Microsoft Visual Studio Solution File, Format Version 12.00
# Visual Studio 15
VisualStudioVersion = 15.0.27004.2009
MinimumVisualStudioVersion = 10.0.40219.1
Project("{2150E333-8FDC-42A3-9474-1A3956D46DE8}") = "src", "src", "{18438600-6C23-4755-94CB-B401CFE3BC93}"
EndProject
Project("{2150E333-8FDC-42A3-9474-1A3956D46DE8}") = "test", "test", "{8C424DFA-18BB-4CBC-AA55-2A10E50476BF}"
EndProject
Project("{2150E333-8FDC-42A3-9474-1A3956D46DE8}") = "BuildingBlocks", "BuildingBlocks", "{C23A2583-BBFC-4556-BCED-489B3E7E1A68}"
EndProject
Project("{2150E333-8FDC-42A3-9474-1A3956D46DE8}") = "Services", "Services", "{F45DF801-3C91-4818-A38F-16AAB5F80560}"
EndProject
Project("{2150E333-8FDC-42A3-9474-1A3956D46DE8}") = "Web Apps", "Web Apps", "{07EA9277-1C18-4D59-B9F9-FF5392F6E66D}"
EndProject
Project("{9A19103F-16F7-4668-BE54-9A1E7A4F7556}") = "TaskUtility", "src\BuildingBlocks\TaskUtility\TaskUtility.csproj", "{454F09C1-00EA-4131-943C-4C25649E78E4}"
EndProject
Project("{9A19103F-16F7-4668-BE54-9A1E7A4F7556}") = "TaskDB", "src\BuildingBlocks\TaskDB\TaskDB.csproj", "{87333E72-8F86-446C-A09B-5E2A827565E9}"
EndProject
Project("{9A19103F-16F7-4668-BE54-9A1E7A4F7556}") = "TaskRabbitMQ", "src\BuildingBlocks\TaskRabbitMQ\TaskRabbitMQ.csproj", "{54C43DED-3BB2-428F-B4D3-B6F86A3FACC7}"
EndProject
Project("{9A19103F-16F7-4668-BE54-9A1E7A4F7556}") = "WebTaskManager", "src\Web\WebTaskManager\WebTaskManager.csproj", "{DFE15754-B0F4-47AC-A568-FFFE1717F6CF}"
EndProject
Project("{9A19103F-16F7-4668-BE54-9A1E7A4F7556}") = "TaskClient", "src\Services\TaskClient\TaskClient.csproj", "{7296B8CE-6D18-44D0-811B-C82C14A49449}"
EndProject
Project("{FAE04EC0-301F-11D3-BF4B-00C04F79EFBC}") = "TaskCache", "src\BuildingBlocks\TaskCache\TaskCache.csproj", "{58209558-4BEA-43C8-B2AB-DA2215E353E8}"
EndProject
Global
	GlobalSection(SolutionConfigurationPlatforms) = preSolution
		Debug|Any CPU = Debug|Any CPU
		Release|Any CPU = Release|Any CPU
	EndGlobalSection
	GlobalSection(ProjectConfigurationPlatforms) = postSolution
		{454F09C1-00EA-4131-943C-4C25649E78E4}.Debug|Any CPU.ActiveCfg = Debug|Any CPU
		{454F09C1-00EA-4131-943C-4C25649E78E4}.Debug|Any CPU.Build.0 = Debug|Any CPU
		{454F09C1-00EA-4131-943C-4C25649E78E4}.Release|Any CPU.ActiveCfg = Release|Any CPU
		{454F09C1-00EA-4131-943C-4C25649E78E4}.Release|Any CPU.Build.0 = Release|Any CPU
		{87333E72-8F86-446C-A09B-5E2A827565E9}.Debug|Any CPU.ActiveCfg = Debug|Any CPU
		{87333E72-8F86-446C-A09B-5E2A827565E9}.Debug|Any CPU.Build.0 = Debug|Any CPU
		{87333E72-8F86-446C-A09B-5E2A827565E9}.Release|Any CPU.ActiveCfg = Release|Any CPU
		{87333E72-8F86-446C-A09B-5E2A827565E9}.Release|Any CPU.Build.0 = Release|Any CPU
		{54C43DED-3BB2-428F-B4D3-B6F86A3FACC7}.Debug|Any CPU.ActiveCfg = Debug|Any CPU
		{54C43DED-3BB2-428F-B4D3-B6F86A3FACC7}.Debug|Any CPU.Build.0 = Debug|Any CPU
		{54C43DED-3BB2-428F-B4D3-B6F86A3FACC7}.Release|Any CPU.ActiveCfg = Release|Any CPU
		{54C43DED-3BB2-428F-B4D3-B6F86A3FACC7}.Release|Any CPU.Build.0 = Release|Any CPU
		{DFE15754-B0F4-47AC-A568-FFFE1717F6CF}.Debug|Any CPU.ActiveCfg = Debug|Any CPU
		{DFE15754-B0F4-47AC-A568-FFFE1717F6CF}.Debug|Any CPU.Build.0 = Debug|Any CPU
		{DFE15754-B0F4-47AC-A568-FFFE1717F6CF}.Release|Any CPU.ActiveCfg = Release|Any CPU
		{DFE15754-B0F4-47AC-A568-FFFE1717F6CF}.Release|Any CPU.Build.0 = Release|Any CPU
		{7296B8CE-6D18-44D0-811B-C82C14A49449}.Debug|Any CPU.ActiveCfg = Debug|Any CPU
		{7296B8CE-6D18-44D0-811B-C82C14A49449}.Debug|Any CPU.Build.0 = Debug|Any CPU
		{7296B8CE-6D18-44D0-811B-C82C14A49449}.Release|Any CPU.ActiveCfg = Release|Any CPU
		{7296B8CE-6D18-44D0-811B-C82C14A49449}.Release|Any CPU.Build.0 = Release|Any CPU
		{58209558-4BEA-43C8-B2AB-DA2215E353E8}.Debug|Any CPU.ActiveCfg = Debug|Any CPU
		{58209558-4BEA-43C8-B2AB-DA2215E353E8}.Debug|Any CPU.Build.0 = Debug|Any CPU
		{58209558-4BEA-43C8-B2AB-DA2215E353E8}.Release|Any CPU.ActiveCfg = Release|Any CPU
		{58209558-4BEA-43C8-B2AB-DA2215E353E8}.Release|Any CPU.Build.0 = Release|Any CPU
	EndGlobalSection
	GlobalSection(SolutionProperties) = preSolution
		HideSolutionNode = FALSE
	EndGlobalSection
	GlobalSection(NestedProjects) = preSolution
		{C23A2583-BBFC-4556-BCED-489B3E7E1A68} = {18438600-6C23-4755-94CB-B401CFE3BC93}
		{F45DF801-3C91-4818-A38F-16AAB5F80560} = {18438600-6C23-4755-94CB-B401CFE3BC93}
		{07EA9277-1C18-4D59-B9F9-FF5392F6E66D} = {18438600-6C23-4755-94CB-B401CFE3BC93}
		{454F09C1-00EA-4131-943C-4C25649E78E4} = {C23A2583-BBFC-4556-BCED-489B3E7E1A68}
		{87333E72-8F86-446C-A09B-5E2A827565E9} = {C23A2583-BBFC-4556-BCED-489B3E7E1A68}
		{54C43DED-3BB2-428F-B4D3-B6F86A3FACC7} = {C23A2583-BBFC-4556-BCED-489B3E7E1A68}
		{DFE15754-B0F4-47AC-A568-FFFE1717F6CF} = {07EA9277-1C18-4D59-B9F9-FF5392F6E66D}
		{7296B8CE-6D18-44D0-811B-C82C14A49449} = {F45DF801-3C91-4818-A38F-16AAB5F80560}
		{58209558-4BEA-43C8-B2AB-DA2215E353E8} = {C23A2583-BBFC-4556-BCED-489B3E7E1A68}
	EndGlobalSection
	GlobalSection(ExtensibilityGlobals) = postSolution
		SolutionGuid = {ED038D2F-1DB2-4880-9D7A-058544135FF3}
	EndGlobalSection
EndGlobal
